
Microsoft Visual Studio Solution File, Format Version 12.00
# Visual Studio 14
VisualStudioVersion = 14.0.25420.1
MinimumVisualStudioVersion = 10.0.40219.1
Project("{FAE04EC0-301F-11D3-BF4B-00C04F79EFBC}") = "VimeoDownloader.Tests", "VimeoDownloader.Tests\VimeoDownloader.Tests.csproj", "{506313C5-72F8-4698-BFE7-587FA8D04904}"
EndProject
Project("{FAE04EC0-301F-11D3-BF4B-00C04F79EFBC}") = "VimeoDownloader", "VimeoDownloader\VimeoDownloader.csproj", "{4E5E2373-CFDD-4074-B47A-10BD31F68947}"
EndProject
Global
	GlobalSection(SolutionConfigurationPlatforms) = preSolution
		Debug|Any CPU = Debug|Any CPU
		Release|Any CPU = Release|Any CPU
	EndGlobalSection
	GlobalSection(ProjectConfigurationPlatforms) = postSolution
		{506313C5-72F8-4698-BFE7-587FA8D04904}.Debug|Any CPU.ActiveCfg = Debug|Any CPU
		{506313C5-72F8-4698-BFE7-587FA8D04904}.Debug|Any CPU.Build.0 = Debug|Any CPU
		{506313C5-72F8-4698-BFE7-587FA8D04904}.Release|Any CPU.ActiveCfg = Release|Any CPU
		{506313C5-72F8-4698-BFE7-587FA8D04904}.Release|Any CPU.Build.0 = Release|Any CPU
		{4E5E2373-CFDD-4074-B47A-10BD31F68947}.Debug|Any CPU.ActiveCfg = Debug|Any CPU
		{4E5E2373-CFDD-4074-B47A-10BD31F68947}.Debug|Any CPU.Build.0 = Debug|Any CPU
		{4E5E2373-CFDD-4074-B47A-10BD31F68947}.Release|Any CPU.ActiveCfg = Release|Any CPU
		{4E5E2373-CFDD-4074-B47A-10BD31F68947}.Release|Any CPU.Build.0 = Release|Any CPU
	EndGlobalSection
	GlobalSection(SolutionProperties) = preSolution
		HideSolutionNode = FALSE
	EndGlobalSection
EndGlobal
