
Microsoft Visual Studio Solution File, Format Version 12.00
# Visual Studio 14
VisualStudioVersion = 14.0.25420.1
MinimumVisualStudioVersion = 10.0.40219.1
Project("{FAE04EC0-301F-11D3-BF4B-00C04F79EFBC}") = "VimeoDownloader", "VimeoDownloader\VimeoDownloader.csproj", "{C1883DE0-3952-4325-831E-A88EB546C4DD}"
EndProject
Project("{FAE04EC0-301F-11D3-BF4B-00C04F79EFBC}") = "VimeoDownloader.UnitTests", "VimeoDownloader.UnitTests\VimeoDownloader.UnitTests.csproj", "{E47D5B92-28F7-4E2E-A6AC-FB639702C6D4}"
EndProject
Global
	GlobalSection(SolutionConfigurationPlatforms) = preSolution
		Debug|Any CPU = Debug|Any CPU
		Release|Any CPU = Release|Any CPU
	EndGlobalSection
	GlobalSection(ProjectConfigurationPlatforms) = postSolution
		{C1883DE0-3952-4325-831E-A88EB546C4DD}.Debug|Any CPU.ActiveCfg = Debug|Any CPU
		{C1883DE0-3952-4325-831E-A88EB546C4DD}.Debug|Any CPU.Build.0 = Debug|Any CPU
		{C1883DE0-3952-4325-831E-A88EB546C4DD}.Release|Any CPU.ActiveCfg = Release|Any CPU
		{C1883DE0-3952-4325-831E-A88EB546C4DD}.Release|Any CPU.Build.0 = Release|Any CPU
		{E47D5B92-28F7-4E2E-A6AC-FB639702C6D4}.Debug|Any CPU.ActiveCfg = Debug|Any CPU
		{E47D5B92-28F7-4E2E-A6AC-FB639702C6D4}.Debug|Any CPU.Build.0 = Debug|Any CPU
		{E47D5B92-28F7-4E2E-A6AC-FB639702C6D4}.Release|Any CPU.ActiveCfg = Release|Any CPU
		{E47D5B92-28F7-4E2E-A6AC-FB639702C6D4}.Release|Any CPU.Build.0 = Release|Any CPU
	EndGlobalSection
	GlobalSection(SolutionProperties) = preSolution
		HideSolutionNode = FALSE
	EndGlobalSection
EndGlobal
